// !$*UTF8*$!
{
	archiveVersion = 1;
	classes = {
	};
	objectVersion = 55;
	objects = {

/* Begin PBXBuildFile section */
		446C28B828900B950042FA31 /* MEMMyCollectionViewLayout.m in Sources */ = {isa = PBXBuildFile; fileRef = 446C28B728900B950042FA31 /* MEMMyCollectionViewLayout.m */; };
		446C28BB28900D480042FA31 /* MEMMyCollectionViewCell.m in Sources */ = {isa = PBXBuildFile; fileRef = 446C28BA28900D480042FA31 /* MEMMyCollectionViewCell.m */; };
		4478D555288D841000DF0552 /* AppDelegate.m in Sources */ = {isa = PBXBuildFile; fileRef = 4478D554288D841000DF0552 /* AppDelegate.m */; };
		4478D563288D841400DF0552 /* Assets.xcassets in Resources */ = {isa = PBXBuildFile; fileRef = 4478D562288D841400DF0552 /* Assets.xcassets */; };
		4478D569288D841400DF0552 /* main.m in Sources */ = {isa = PBXBuildFile; fileRef = 4478D568288D841400DF0552 /* main.m */; };
		4478D573288D841400DF0552 /* memorandumTests.m in Sources */ = {isa = PBXBuildFile; fileRef = 4478D572288D841400DF0552 /* memorandumTests.m */; };
		4478D57D288D841400DF0552 /* memorandumUITests.m in Sources */ = {isa = PBXBuildFile; fileRef = 4478D57C288D841400DF0552 /* memorandumUITests.m */; };
		4478D57F288D841400DF0552 /* memorandumUITestsLaunchTests.m in Sources */ = {isa = PBXBuildFile; fileRef = 4478D57E288D841400DF0552 /* memorandumUITestsLaunchTests.m */; };
		4478D58C288D855700DF0552 /* MEMTableViewController.m in Sources */ = {isa = PBXBuildFile; fileRef = 4478D58B288D855700DF0552 /* MEMTableViewController.m */; };
		4478D58F288D861C00DF0552 /* MEMBackData.m in Sources */ = {isa = PBXBuildFile; fileRef = 4478D58E288D861C00DF0552 /* MEMBackData.m */; };
		4478D594288D877D00DF0552 /* MEMTextViewController.m in Sources */ = {isa = PBXBuildFile; fileRef = 4478D593288D877D00DF0552 /* MEMTextViewController.m */; };
		44A626BE2894F24000E7E2B8 /* MEMMyTableViewCell.m in Sources */ = {isa = PBXBuildFile; fileRef = 44A626BD2894F24000E7E2B8 /* MEMMyTableViewCell.m */; };
		44EACDD02893730F0082FBAD /* MEMDataItem.m in Sources */ = {isa = PBXBuildFile; fileRef = 44EACDCF2893730F0082FBAD /* MEMDataItem.m */; };
/* End PBXBuildFile section */

/* Begin PBXContainerItemProxy section */
		4478D56F288D841400DF0552 /* PBXContainerItemProxy */ = {
			isa = PBXContainerItemProxy;
			containerPortal = 4478D548288D841000DF0552 /* Project object */;
			proxyType = 1;
			remoteGlobalIDString = 4478D54F288D841000DF0552;
			remoteInfo = memorandum;
		};
		4478D579288D841400DF0552 /* PBXContainerItemProxy */ = {
			isa = PBXContainerItemProxy;
			containerPortal = 4478D548288D841000DF0552 /* Project object */;
			proxyType = 1;
			remoteGlobalIDString = 4478D54F288D841000DF0552;
			remoteInfo = memorandum;
		};
/* End PBXContainerItemProxy section */

/* Begin PBXFileReference section */
		446C28B728900B950042FA31 /* MEMMyCollectionViewLayout.m */ = {isa = PBXFileReference; lastKnownFileType = sourcecode.c.objc; path = MEMMyCollectionViewLayout.m; sourceTree = "<group>"; };
		446C28B928900BAC0042FA31 /* MEMMyCollectionViewLayout.h */ = {isa = PBXFileReference; lastKnownFileType = sourcecode.c.h; path = MEMMyCollectionViewLayout.h; sourceTree = "<group>"; };
		446C28BA28900D480042FA31 /* MEMMyCollectionViewCell.m */ = {isa = PBXFileReference; lastKnownFileType = sourcecode.c.objc; path = MEMMyCollectionViewCell.m; sourceTree = "<group>"; };
		446C28BC28900D630042FA31 /* MEMMyCollectionViewCell.h */ = {isa = PBXFileReference; lastKnownFileType = sourcecode.c.h; path = MEMMyCollectionViewCell.h; sourceTree = "<group>"; };
		4478D550288D841000DF0552 /* memorandum.app */ = {isa = PBXFileReference; explicitFileType = wrapper.application; includeInIndex = 0; path = memorandum.app; sourceTree = BUILT_PRODUCTS_DIR; };
		4478D553288D841000DF0552 /* AppDelegate.h */ = {isa = PBXFileReference; lastKnownFileType = sourcecode.c.h; path = AppDelegate.h; sourceTree = "<group>"; };
		4478D554288D841000DF0552 /* AppDelegate.m */ = {isa = PBXFileReference; lastKnownFileType = sourcecode.c.objc; path = AppDelegate.m; sourceTree = "<group>"; };
		4478D562288D841400DF0552 /* Assets.xcassets */ = {isa = PBXFileReference; lastKnownFileType = folder.assetcatalog; path = Assets.xcassets; sourceTree = "<group>"; };
		4478D567288D841400DF0552 /* Info.plist */ = {isa = PBXFileReference; lastKnownFileType = text.plist.xml; path = Info.plist; sourceTree = "<group>"; };
		4478D568288D841400DF0552 /* main.m */ = {isa = PBXFileReference; lastKnownFileType = sourcecode.c.objc; path = main.m; sourceTree = "<group>"; };
		4478D56E288D841400DF0552 /* memorandumTests.xctest */ = {isa = PBXFileReference; explicitFileType = wrapper.cfbundle; includeInIndex = 0; path = memorandumTests.xctest; sourceTree = BUILT_PRODUCTS_DIR; };
		4478D572288D841400DF0552 /* memorandumTests.m */ = {isa = PBXFileReference; lastKnownFileType = sourcecode.c.objc; path = memorandumTests.m; sourceTree = "<group>"; };
		4478D578288D841400DF0552 /* memorandumUITests.xctest */ = {isa = PBXFileReference; explicitFileType = wrapper.cfbundle; includeInIndex = 0; path = memorandumUITests.xctest; sourceTree = BUILT_PRODUCTS_DIR; };
		4478D57C288D841400DF0552 /* memorandumUITests.m */ = {isa = PBXFileReference; lastKnownFileType = sourcecode.c.objc; path = memorandumUITests.m; sourceTree = "<group>"; };
		4478D57E288D841400DF0552 /* memorandumUITestsLaunchTests.m */ = {isa = PBXFileReference; lastKnownFileType = sourcecode.c.objc; path = memorandumUITestsLaunchTests.m; sourceTree = "<group>"; };
		4478D58B288D855700DF0552 /* MEMTableViewController.m */ = {isa = PBXFileReference; lastKnownFileType = sourcecode.c.objc; path = MEMTableViewController.m; sourceTree = "<group>"; };
		4478D58D288D857500DF0552 /* MEMTableViewController.h */ = {isa = PBXFileReference; lastKnownFileType = sourcecode.c.h; path = MEMTableViewController.h; sourceTree = "<group>"; };
		4478D58E288D861C00DF0552 /* MEMBackData.m */ = {isa = PBXFileReference; lastKnownFileType = sourcecode.c.objc; path = MEMBackData.m; sourceTree = "<group>"; };
		4478D590288D862C00DF0552 /* MEMBackData.h */ = {isa = PBXFileReference; lastKnownFileType = sourcecode.c.h; path = MEMBackData.h; sourceTree = "<group>"; };
		4478D593288D877D00DF0552 /* MEMTextViewController.m */ = {isa = PBXFileReference; lastKnownFileType = sourcecode.c.objc; path = MEMTextViewController.m; sourceTree = "<group>"; };
		4478D595288D879200DF0552 /* MEMTextViewController.h */ = {isa = PBXFileReference; lastKnownFileType = sourcecode.c.h; path = MEMTextViewController.h; sourceTree = "<group>"; };
		44A626BC2894C59200E7E2B8 /* MEMTextViewControllerDelegate.h */ = {isa = PBXFileReference; lastKnownFileType = sourcecode.c.h; path = MEMTextViewControllerDelegate.h; sourceTree = "<group>"; };
		44A626BD2894F24000E7E2B8 /* MEMMyTableViewCell.m */ = {isa = PBXFileReference; lastKnownFileType = sourcecode.c.objc; path = MEMMyTableViewCell.m; sourceTree = "<group>"; };
		44A626BF2894F25B00E7E2B8 /* MEMMyTableViewCell.h */ = {isa = PBXFileReference; lastKnownFileType = sourcecode.c.h; path = MEMMyTableViewCell.h; sourceTree = "<group>"; };
		44EACDCF2893730F0082FBAD /* MEMDataItem.m */ = {isa = PBXFileReference; lastKnownFileType = sourcecode.c.objc; path = MEMDataItem.m; sourceTree = "<group>"; };
		44EACDD1289373370082FBAD /* MEMDataItem.h */ = {isa = PBXFileReference; lastKnownFileType = sourcecode.c.h; path = MEMDataItem.h; sourceTree = "<group>"; };
/* End PBXFileReference section */

/* Begin PBXFrameworksBuildPhase section */
		4478D54D288D841000DF0552 /* Frameworks */ = {
			isa = PBXFrameworksBuildPhase;
			buildActionMask = 2147483647;
			files = (
			);
			runOnlyForDeploymentPostprocessing = 0;
		};
		4478D56B288D841400DF0552 /* Frameworks */ = {
			isa = PBXFrameworksBuildPhase;
			buildActionMask = 2147483647;
			files = (
			);
			runOnlyForDeploymentPostprocessing = 0;
		};
		4478D575288D841400DF0552 /* Frameworks */ = {
			isa = PBXFrameworksBuildPhase;
			buildActionMask = 2147483647;
			files = (
			);
			runOnlyForDeploymentPostprocessing = 0;
		};
/* End PBXFrameworksBuildPhase section */

/* Begin PBXGroup section */
		4478D547288D841000DF0552 = {
			isa = PBXGroup;
			children = (
				4478D552288D841000DF0552 /* memorandum */,
				4478D571288D841400DF0552 /* memorandumTests */,
				4478D57B288D841400DF0552 /* memorandumUITests */,
				4478D551288D841000DF0552 /* Products */,
			);
			sourceTree = "<group>";
		};
		4478D551288D841000DF0552 /* Products */ = {
			isa = PBXGroup;
			children = (
				4478D550288D841000DF0552 /* memorandum.app */,
				4478D56E288D841400DF0552 /* memorandumTests.xctest */,
				4478D578288D841400DF0552 /* memorandumUITests.xctest */,
			);
			name = Products;
			sourceTree = "<group>";
		};
		4478D552288D841000DF0552 /* memorandum */ = {
			isa = PBXGroup;
			children = (
				4478D553288D841000DF0552 /* AppDelegate.h */,
				4478D554288D841000DF0552 /* AppDelegate.m */,
				4478D58E288D861C00DF0552 /* MEMBackData.m */,
				44EACDCF2893730F0082FBAD /* MEMDataItem.m */,
				44EACDD1289373370082FBAD /* MEMDataItem.h */,
				4478D590288D862C00DF0552 /* MEMBackData.h */,
				4478D593288D877D00DF0552 /* MEMTextViewController.m */,
				44A626BD2894F24000E7E2B8 /* MEMMyTableViewCell.m */,
				44A626BF2894F25B00E7E2B8 /* MEMMyTableViewCell.h */,
				44A626BC2894C59200E7E2B8 /* MEMTextViewControllerDelegate.h */,
				446C28BA28900D480042FA31 /* MEMMyCollectionViewCell.m */,
				446C28BC28900D630042FA31 /* MEMMyCollectionViewCell.h */,
				446C28B728900B950042FA31 /* MEMMyCollectionViewLayout.m */,
				446C28B928900BAC0042FA31 /* MEMMyCollectionViewLayout.h */,
				4478D595288D879200DF0552 /* MEMTextViewController.h */,
				4478D58B288D855700DF0552 /* MEMTableViewController.m */,
				4478D58D288D857500DF0552 /* MEMTableViewController.h */,
				4478D562288D841400DF0552 /* Assets.xcassets */,
				4478D567288D841400DF0552 /* Info.plist */,
				4478D568288D841400DF0552 /* main.m */,
			);
			path = memorandum;
			sourceTree = "<group>";
		};
		4478D571288D841400DF0552 /* memorandumTests */ = {
			isa = PBXGroup;
			children = (
				4478D572288D841400DF0552 /* memorandumTests.m */,
			);
			path = memorandumTests;
			sourceTree = "<group>";
		};
		4478D57B288D841400DF0552 /* memorandumUITests */ = {
			isa = PBXGroup;
			children = (
				4478D57C288D841400DF0552 /* memorandumUITests.m */,
				4478D57E288D841400DF0552 /* memorandumUITestsLaunchTests.m */,
			);
			path = memorandumUITests;
			sourceTree = "<group>";
		};
/* End PBXGroup section */

/* Begin PBXNativeTarget section */
		4478D54F288D841000DF0552 /* memorandum */ = {
			isa = PBXNativeTarget;
			buildConfigurationList = 4478D582288D841400DF0552 /* Build configuration list for PBXNativeTarget "memorandum" */;
			buildPhases = (
				4478D54C288D841000DF0552 /* Sources */,
				4478D54D288D841000DF0552 /* Frameworks */,
				4478D54E288D841000DF0552 /* Resources */,
			);
			buildRules = (
			);
			dependencies = (
			);
			name = memorandum;
			productName = memorandum;
			productReference = 4478D550288D841000DF0552 /* memorandum.app */;
			productType = "com.apple.product-type.application";
		};
		4478D56D288D841400DF0552 /* memorandumTests */ = {
			isa = PBXNativeTarget;
			buildConfigurationList = 4478D585288D841400DF0552 /* Build configuration list for PBXNativeTarget "memorandumTests" */;
			buildPhases = (
				4478D56A288D841400DF0552 /* Sources */,
				4478D56B288D841400DF0552 /* Frameworks */,
				4478D56C288D841400DF0552 /* Resources */,
			);
			buildRules = (
			);
			dependencies = (
				4478D570288D841400DF0552 /* PBXTargetDependency */,
			);
			name = memorandumTests;
			productName = memorandumTests;
			productReference = 4478D56E288D841400DF0552 /* memorandumTests.xctest */;
			productType = "com.apple.product-type.bundle.unit-test";
		};
		4478D577288D841400DF0552 /* memorandumUITests */ = {
			isa = PBXNativeTarget;
			buildConfigurationList = 4478D588288D841400DF0552 /* Build configuration list for PBXNativeTarget "memorandumUITests" */;
			buildPhases = (
				4478D574288D841400DF0552 /* Sources */,
				4478D575288D841400DF0552 /* Frameworks */,
				4478D576288D841400DF0552 /* Resources */,
			);
			buildRules = (
			);
			dependencies = (
				4478D57A288D841400DF0552 /* PBXTargetDependency */,
			);
			name = memorandumUITests;
			productName = memorandumUITests;
			productReference = 4478D578288D841400DF0552 /* memorandumUITests.xctest */;
			productType = "com.apple.product-type.bundle.ui-testing";
		};
/* End PBXNativeTarget section */

/* Begin PBXProject section */
		4478D548288D841000DF0552 /* Project object */ = {
			isa = PBXProject;
			attributes = {
				BuildIndependentTargetsInParallel = 1;
				LastUpgradeCheck = 1340;
				TargetAttributes = {
					4478D54F288D841000DF0552 = {
						CreatedOnToolsVersion = 13.4.1;
					};
					4478D56D288D841400DF0552 = {
						CreatedOnToolsVersion = 13.4.1;
						TestTargetID = 4478D54F288D841000DF0552;
					};
					4478D577288D841400DF0552 = {
						CreatedOnToolsVersion = 13.4.1;
						TestTargetID = 4478D54F288D841000DF0552;
					};
				};
			};
			buildConfigurationList = 4478D54B288D841000DF0552 /* Build configuration list for PBXProject "memorandum" */;
			compatibilityVersion = "Xcode 13.0";
			developmentRegion = en;
			hasScannedForEncodings = 0;
			knownRegions = (
				en,
				Base,
			);
			mainGroup = 4478D547288D841000DF0552;
			productRefGroup = 4478D551288D841000DF0552 /* Products */;
			projectDirPath = "";
			projectRoot = "";
			targets = (
				4478D54F288D841000DF0552 /* memorandum */,
				4478D56D288D841400DF0552 /* memorandumTests */,
				4478D577288D841400DF0552 /* memorandumUITests */,
			);
		};
/* End PBXProject section */

/* Begin PBXResourcesBuildPhase section */
		4478D54E288D841000DF0552 /* Resources */ = {
			isa = PBXResourcesBuildPhase;
			buildActionMask = 2147483647;
			files = (
				4478D563288D841400DF0552 /* Assets.xcassets in Resources */,
			);
			runOnlyForDeploymentPostprocessing = 0;
		};
		4478D56C288D841400DF0552 /* Resources */ = {
			isa = PBXResourcesBuildPhase;
			buildActionMask = 2147483647;
			files = (
			);
			runOnlyForDeploymentPostprocessing = 0;
		};
		4478D576288D841400DF0552 /* Resources */ = {
			isa = PBXResourcesBuildPhase;
			buildActionMask = 2147483647;
			files = (
			);
			runOnlyForDeploymentPostprocessing = 0;
		};
/* End PBXResourcesBuildPhase section */

/* Begin PBXSourcesBuildPhase section */
		4478D54C288D841000DF0552 /* Sources */ = {
			isa = PBXSourcesBuildPhase;
			buildActionMask = 2147483647;
			files = (
				4478D58F288D861C00DF0552 /* MEMBackData.m in Sources */,
				4478D569288D841400DF0552 /* main.m in Sources */,
				4478D58C288D855700DF0552 /* MEMTableViewController.m in Sources */,
				4478D594288D877D00DF0552 /* MEMTextViewController.m in Sources */,
				446C28BB28900D480042FA31 /* MEMMyCollectionViewCell.m in Sources */,
				44A626BE2894F24000E7E2B8 /* MEMMyTableViewCell.m in Sources */,
				4478D555288D841000DF0552 /* AppDelegate.m in Sources */,
				44EACDD02893730F0082FBAD /* MEMDataItem.m in Sources */,
				446C28B828900B950042FA31 /* MEMMyCollectionViewLayout.m in Sources */,
			);
			runOnlyForDeploymentPostprocessing = 0;
		};
		4478D56A288D841400DF0552 /* Sources */ = {
			isa = PBXSourcesBuildPhase;
			buildActionMask = 2147483647;
			files = (
				4478D573288D841400DF0552 /* memorandumTests.m in Sources */,
			);
			runOnlyForDeploymentPostprocessing = 0;
		};
		4478D574288D841400DF0552 /* Sources */ = {
			isa = PBXSourcesBuildPhase;
			buildActionMask = 2147483647;
			files = (
				4478D57D288D841400DF0552 /* memorandumUITests.m in Sources */,
				4478D57F288D841400DF0552 /* memorandumUITestsLaunchTests.m in Sources */,
			);
			runOnlyForDeploymentPostprocessing = 0;
		};
/* End PBXSourcesBuildPhase section */

/* Begin PBXTargetDependency section */
		4478D570288D841400DF0552 /* PBXTargetDependency */ = {
			isa = PBXTargetDependency;
			target = 4478D54F288D841000DF0552 /* memorandum */;
			targetProxy = 4478D56F288D841400DF0552 /* PBXContainerItemProxy */;
		};
		4478D57A288D841400DF0552 /* PBXTargetDependency */ = {
			isa = PBXTargetDependency;
			target = 4478D54F288D841000DF0552 /* memorandum */;
			targetProxy = 4478D579288D841400DF0552 /* PBXContainerItemProxy */;
		};
/* End PBXTargetDependency section */

/* Begin XCBuildConfiguration section */
		4478D580288D841400DF0552 /* Debug */ = {
			isa = XCBuildConfiguration;
			buildSettings = {
				ALWAYS_SEARCH_USER_PATHS = NO;
				CLANG_ANALYZER_NONNULL = YES;
				CLANG_ANALYZER_NUMBER_OBJECT_CONVERSION = YES_AGGRESSIVE;
				CLANG_CXX_LANGUAGE_STANDARD = "gnu++17";
				CLANG_ENABLE_MODULES = YES;
				CLANG_ENABLE_OBJC_ARC = YES;
				CLANG_ENABLE_OBJC_WEAK = YES;
				CLANG_WARN_BLOCK_CAPTURE_AUTORELEASING = YES;
				CLANG_WARN_BOOL_CONVERSION = YES;
				CLANG_WARN_COMMA = YES;
				CLANG_WARN_CONSTANT_CONVERSION = YES;
				CLANG_WARN_DEPRECATED_OBJC_IMPLEMENTATIONS = YES;
				CLANG_WARN_DIRECT_OBJC_ISA_USAGE = YES_ERROR;
				CLANG_WARN_DOCUMENTATION_COMMENTS = YES;
				CLANG_WARN_EMPTY_BODY = YES;
				CLANG_WARN_ENUM_CONVERSION = YES;
				CLANG_WARN_INFINITE_RECURSION = YES;
				CLANG_WARN_INT_CONVERSION = YES;
				CLANG_WARN_NON_LITERAL_NULL_CONVERSION = YES;
				CLANG_WARN_OBJC_IMPLICIT_RETAIN_SELF = YES;
				CLANG_WARN_OBJC_LITERAL_CONVERSION = YES;
				CLANG_WARN_OBJC_ROOT_CLASS = YES_ERROR;
				CLANG_WARN_QUOTED_INCLUDE_IN_FRAMEWORK_HEADER = YES;
				CLANG_WARN_RANGE_LOOP_ANALYSIS = YES;
				CLANG_WARN_STRICT_PROTOTYPES = YES;
				CLANG_WARN_SUSPICIOUS_MOVE = YES;
				CLANG_WARN_UNGUARDED_AVAILABILITY = YES_AGGRESSIVE;
				CLANG_WARN_UNREACHABLE_CODE = YES;
				CLANG_WARN__DUPLICATE_METHOD_MATCH = YES;
				COPY_PHASE_STRIP = NO;
				DEBUG_INFORMATION_FORMAT = dwarf;
				ENABLE_STRICT_OBJC_MSGSEND = YES;
				ENABLE_TESTABILITY = YES;
				GCC_C_LANGUAGE_STANDARD = gnu11;
				GCC_DYNAMIC_NO_PIC = NO;
				GCC_NO_COMMON_BLOCKS = YES;
				GCC_OPTIMIZATION_LEVEL = 0;
				GCC_PREPROCESSOR_DEFINITIONS = (
					"DEBUG=1",
					"$(inherited)",
				);
				GCC_WARN_64_TO_32_BIT_CONVERSION = YES;
				GCC_WARN_ABOUT_RETURN_TYPE = YES_ERROR;
				GCC_WARN_UNDECLARED_SELECTOR = YES;
				GCC_WARN_UNINITIALIZED_AUTOS = YES_AGGRESSIVE;
				GCC_WARN_UNUSED_FUNCTION = YES;
				GCC_WARN_UNUSED_VARIABLE = YES;
				IPHONEOS_DEPLOYMENT_TARGET = 12.0;
				MTL_ENABLE_DEBUG_INFO = INCLUDE_SOURCE;
				MTL_FAST_MATH = YES;
				ONLY_ACTIVE_ARCH = YES;
				SDKROOT = iphoneos;
			};
			name = Debug;
		};
		4478D581288D841400DF0552 /* Release */ = {
			isa = XCBuildConfiguration;
			buildSettings = {
				ALWAYS_SEARCH_USER_PATHS = NO;
				CLANG_ANALYZER_NONNULL = YES;
				CLANG_ANALYZER_NUMBER_OBJECT_CONVERSION = YES_AGGRESSIVE;
				CLANG_CXX_LANGUAGE_STANDARD = "gnu++17";
				CLANG_ENABLE_MODULES = YES;
				CLANG_ENABLE_OBJC_ARC = YES;
				CLANG_ENABLE_OBJC_WEAK = YES;
				CLANG_WARN_BLOCK_CAPTURE_AUTORELEASING = YES;
				CLANG_WARN_BOOL_CONVERSION = YES;
				CLANG_WARN_COMMA = YES;
				CLANG_WARN_CONSTANT_CONVERSION = YES;
				CLANG_WARN_DEPRECATED_OBJC_IMPLEMENTATIONS = YES;
				CLANG_WARN_DIRECT_OBJC_ISA_USAGE = YES_ERROR;
				CLANG_WARN_DOCUMENTATION_COMMENTS = YES;
				CLANG_WARN_EMPTY_BODY = YES;
				CLANG_WARN_ENUM_CONVERSION = YES;
				CLANG_WARN_INFINITE_RECURSION = YES;
				CLANG_WARN_INT_CONVERSION = YES;
				CLANG_WARN_NON_LITERAL_NULL_CONVERSION = YES;
				CLANG_WARN_OBJC_IMPLICIT_RETAIN_SELF = YES;
				CLANG_WARN_OBJC_LITERAL_CONVERSION = YES;
				CLANG_WARN_OBJC_ROOT_CLASS = YES_ERROR;
				CLANG_WARN_QUOTED_INCLUDE_IN_FRAMEWORK_HEADER = YES;
				CLANG_WARN_RANGE_LOOP_ANALYSIS = YES;
				CLANG_WARN_STRICT_PROTOTYPES = YES;
				CLANG_WARN_SUSPICIOUS_MOVE = YES;
				CLANG_WARN_UNGUARDED_AVAILABILITY = YES_AGGRESSIVE;
				CLANG_WARN_UNREACHABLE_CODE = YES;
				CLANG_WARN__DUPLICATE_METHOD_MATCH = YES;
				COPY_PHASE_STRIP = NO;
				DEBUG_INFORMATION_FORMAT = "dwarf-with-dsym";
				ENABLE_NS_ASSERTIONS = NO;
				ENABLE_STRICT_OBJC_MSGSEND = YES;
				GCC_C_LANGUAGE_STANDARD = gnu11;
				GCC_NO_COMMON_BLOCKS = YES;
				GCC_WARN_64_TO_32_BIT_CONVERSION = YES;
				GCC_WARN_ABOUT_RETURN_TYPE = YES_ERROR;
				GCC_WARN_UNDECLARED_SELECTOR = YES;
				GCC_WARN_UNINITIALIZED_AUTOS = YES_AGGRESSIVE;
				GCC_WARN_UNUSED_FUNCTION = YES;
				GCC_WARN_UNUSED_VARIABLE = YES;
				IPHONEOS_DEPLOYMENT_TARGET = 12.0;
				MTL_ENABLE_DEBUG_INFO = NO;
				MTL_FAST_MATH = YES;
				SDKROOT = iphoneos;
				VALIDATE_PRODUCT = YES;
			};
			name = Release;
		};
		4478D583288D841400DF0552 /* Debug */ = {
			isa = XCBuildConfiguration;
			buildSettings = {
				ASSETCATALOG_COMPILER_APPICON_NAME = AppIcon;
				ASSETCATALOG_COMPILER_GLOBAL_ACCENT_COLOR_NAME = AccentColor;
				CODE_SIGN_STYLE = Automatic;
				CURRENT_PROJECT_VERSION = 1;
				DEVELOPMENT_TEAM = DCQXDJ9V4G;
				GENERATE_INFOPLIST_FILE = YES;
				INFOPLIST_FILE = memorandum/Info.plist;
				INFOPLIST_KEY_UIApplicationSupportsIndirectInputEvents = YES;
				INFOPLIST_KEY_UILaunchStoryboardName = LaunchScreen;
				INFOPLIST_KEY_UISupportedInterfaceOrientations_iPad = "UIInterfaceOrientationPortrait UIInterfaceOrientationPortraitUpsideDown UIInterfaceOrientationLandscapeLeft UIInterfaceOrientationLandscapeRight";
				INFOPLIST_KEY_UISupportedInterfaceOrientations_iPhone = "UIInterfaceOrientationPortrait UIInterfaceOrientationLandscapeLeft UIInterfaceOrientationLandscapeRight";
				LD_RUNPATH_SEARCH_PATHS = (
					"$(inherited)",
					"@executable_path/Frameworks",
				);
				MARKETING_VERSION = 1.0;
				PRODUCT_BUNDLE_IDENTIFIER = yuxintao.memorandum;
				PRODUCT_NAME = "$(TARGET_NAME)";
				SWIFT_EMIT_LOC_STRINGS = YES;
				TARGETED_DEVICE_FAMILY = "1,2";
			};
			name = Debug;
		};
		4478D584288D841400DF0552 /* Release */ = {
			isa = XCBuildConfiguration;
			buildSettings = {
				ASSETCATALOG_COMPILER_APPICON_NAME = AppIcon;
				ASSETCATALOG_COMPILER_GLOBAL_ACCENT_COLOR_NAME = AccentColor;
				CODE_SIGN_STYLE = Automatic;
				CURRENT_PROJECT_VERSION = 1;
				DEVELOPMENT_TEAM = DCQXDJ9V4G;
				GENERATE_INFOPLIST_FILE = YES;
				INFOPLIST_FILE = memorandum/Info.plist;
				INFOPLIST_KEY_UIApplicationSupportsIndirectInputEvents = YES;
				INFOPLIST_KEY_UILaunchStoryboardName = LaunchScreen;
				INFOPLIST_KEY_UISupportedInterfaceOrientations_iPad = "UIInterfaceOrientationPortrait UIInterfaceOrientationPortraitUpsideDown UIInterfaceOrientationLandscapeLeft UIInterfaceOrientationLandscapeRight";
				INFOPLIST_KEY_UISupportedInterfaceOrientations_iPhone = "UIInterfaceOrientationPortrait UIInterfaceOrientationLandscapeLeft UIInterfaceOrientationLandscapeRight";
				LD_RUNPATH_SEARCH_PATHS = (
					"$(inherited)",
					"@executable_path/Frameworks",
				);
				MARKETING_VERSION = 1.0;
				PRODUCT_BUNDLE_IDENTIFIER = yuxintao.memorandum;
				PRODUCT_NAME = "$(TARGET_NAME)";
				SWIFT_EMIT_LOC_STRINGS = YES;
				TARGETED_DEVICE_FAMILY = "1,2";
			};
			name = Release;
		};
		4478D586288D841400DF0552 /* Debug */ = {
			isa = XCBuildConfiguration;
			buildSettings = {
				BUNDLE_LOADER = "$(TEST_HOST)";
				CODE_SIGN_STYLE = Automatic;
				CURRENT_PROJECT_VERSION = 1;
				GENERATE_INFOPLIST_FILE = YES;
				IPHONEOS_DEPLOYMENT_TARGET = 15.5;
				MARKETING_VERSION = 1.0;
				PRODUCT_BUNDLE_IDENTIFIER = yuxintao.memorandumTests;
				PRODUCT_NAME = "$(TARGET_NAME)";
				SWIFT_EMIT_LOC_STRINGS = NO;
				TARGETED_DEVICE_FAMILY = "1,2";
				TEST_HOST = "$(BUILT_PRODUCTS_DIR)/memorandum.app/memorandum";
			};
			name = Debug;
		};
		4478D587288D841400DF0552 /* Release */ = {
			isa = XCBuildConfiguration;
			buildSettings = {
				BUNDLE_LOADER = "$(TEST_HOST)";
				CODE_SIGN_STYLE = Automatic;
				CURRENT_PROJECT_VERSION = 1;
				GENERATE_INFOPLIST_FILE = YES;
				IPHONEOS_DEPLOYMENT_TARGET = 15.5;
				MARKETING_VERSION = 1.0;
				PRODUCT_BUNDLE_IDENTIFIER = yuxintao.memorandumTests;
				PRODUCT_NAME = "$(TARGET_NAME)";
				SWIFT_EMIT_LOC_STRINGS = NO;
				TARGETED_DEVICE_FAMILY = "1,2";
				TEST_HOST = "$(BUILT_PRODUCTS_DIR)/memorandum.app/memorandum";
			};
			name = Release;
		};
		4478D589288D841400DF0552 /* Debug */ = {
			isa = XCBuildConfiguration;
			buildSettings = {
				CODE_SIGN_STYLE = Automatic;
				CURRENT_PROJECT_VERSION = 1;
				GENERATE_INFOPLIST_FILE = YES;
				MARKETING_VERSION = 1.0;
				PRODUCT_BUNDLE_IDENTIFIER = yuxintao.memorandumUITests;
				PRODUCT_NAME = "$(TARGET_NAME)";
				SWIFT_EMIT_LOC_STRINGS = NO;
				TARGETED_DEVICE_FAMILY = "1,2";
				TEST_TARGET_NAME = memorandum;
			};
			name = Debug;
		};
		4478D58A288D841400DF0552 /* Release */ = {
			isa = XCBuildConfiguration;
			buildSettings = {
				CODE_SIGN_STYLE = Automatic;
				CURRENT_PROJECT_VERSION = 1;
				GENERATE_INFOPLIST_FILE = YES;
				MARKETING_VERSION = 1.0;
				PRODUCT_BUNDLE_IDENTIFIER = yuxintao.memorandumUITests;
				PRODUCT_NAME = "$(TARGET_NAME)";
				SWIFT_EMIT_LOC_STRINGS = NO;
				TARGETED_DEVICE_FAMILY = "1,2";
				TEST_TARGET_NAME = memorandum;
			};
			name = Release;
		};
/* End XCBuildConfiguration section */

/* Begin XCConfigurationList section */
		4478D54B288D841000DF0552 /* Build configuration list for PBXProject "memorandum" */ = {
			isa = XCConfigurationList;
			buildConfigurations = (
				4478D580288D841400DF0552 /* Debug */,
				4478D581288D841400DF0552 /* Release */,
			);
			defaultConfigurationIsVisible = 0;
			defaultConfigurationName = Release;
		};
		4478D582288D841400DF0552 /* Build configuration list for PBXNativeTarget "memorandum" */ = {
			isa = XCConfigurationList;
			buildConfigurations = (
				4478D583288D841400DF0552 /* Debug */,
				4478D584288D841400DF0552 /* Release */,
			);
			defaultConfigurationIsVisible = 0;
			defaultConfigurationName = Release;
		};
		4478D585288D841400DF0552 /* Build configuration list for PBXNativeTarget "memorandumTests" */ = {
			isa = XCConfigurationList;
			buildConfigurations = (
				4478D586288D841400DF0552 /* Debug */,
				4478D587288D841400DF0552 /* Release */,
			);
			defaultConfigurationIsVisible = 0;
			defaultConfigurationName = Release;
		};
		4478D588288D841400DF0552 /* Build configuration list for PBXNativeTarget "memorandumUITests" */ = {
			isa = XCConfigurationList;
			buildConfigurations = (
				4478D589288D841400DF0552 /* Debug */,
				4478D58A288D841400DF0552 /* Release */,
			);
			defaultConfigurationIsVisible = 0;
			defaultConfigurationName = Release;
		};
/* End XCConfigurationList section */
	};
	rootObject = 4478D548288D841000DF0552 /* Project object */;
}
